
Microsoft Visual Studio Solution File, Format Version 12.00
# Visual Studio Version 16
VisualStudioVersion = 16.0.32510.428
MinimumVisualStudioVersion = 10.0.40219.1
Project("{00D1A9C2-B5F0-4AF3-8072-F6C62B433612}") = "Projet_Database", "Projet_Database\Projet_Database.sqlproj", "{B1AC2827-D12D-41F6-A49A-276B551D0122}"
EndProject
Global
	GlobalSection(SolutionConfigurationPlatforms) = preSolution
		Debug|Any CPU = Debug|Any CPU
		Release|Any CPU = Release|Any CPU
	EndGlobalSection
	GlobalSection(ProjectConfigurationPlatforms) = postSolution
		{B1AC2827-D12D-41F6-A49A-276B551D0122}.Debug|Any CPU.ActiveCfg = Debug|Any CPU
		{B1AC2827-D12D-41F6-A49A-276B551D0122}.Debug|Any CPU.Build.0 = Debug|Any CPU
		{B1AC2827-D12D-41F6-A49A-276B551D0122}.Debug|Any CPU.Deploy.0 = Debug|Any CPU
		{B1AC2827-D12D-41F6-A49A-276B551D0122}.Release|Any CPU.ActiveCfg = Release|Any CPU
		{B1AC2827-D12D-41F6-A49A-276B551D0122}.Release|Any CPU.Build.0 = Release|Any CPU
		{B1AC2827-D12D-41F6-A49A-276B551D0122}.Release|Any CPU.Deploy.0 = Release|Any CPU
	EndGlobalSection
	GlobalSection(SolutionProperties) = preSolution
		HideSolutionNode = FALSE
	EndGlobalSection
	GlobalSection(ExtensibilityGlobals) = postSolution
		SolutionGuid = {3C358FD6-F068-40F0-8C53-9A2B7231DD66}
	EndGlobalSection
EndGlobal
